# Pinned dependencies. An eval harness whose numbers move because a transitive
# dependency bumped is not an eval harness (BUILD.md). Bump deliberately, in a
# PR, and let the gate tell you whether it moved the metrics.
#
# Step 1 (ingest + retrieve) + the gate script. Judge/RAGAS and the real vector
# store are pinned as later steps add them (see BUILD.md build order).

# --- runtime: ingest + retrieve (step 1) ---
numpy==2.4.6
PyYAML==6.0.1
requests==2.33.1
langchain-text-splitters==1.1.2

# --- embedding providers (imported lazily; only the configured one is used) ---
# openai==1.51.0            # provider: openai  (text-embedding-3-small)
# sentence-transformers==3.1.1   # provider: bge  (BAAI/bge-small-en-v1.5)

# --- vector store option (BUILD.md stack; `flat` numpy store is the default) ---
# lancedb==0.13.0

# --- judge metrics (build step 4) ---
# ragas==0.1.21             # pin the minor: the API has broken between minors

# --- dev / test ---
pytest==9.1.1
